
Microsoft Visual Studio Solution File, Format Version 12.00
# Visual Studio Version 17
VisualStudioVersion = 17.2.32630.192
MinimumVisualStudioVersion = 10.0.40219.1
Project("{FAE04EC0-301F-11D3-BF4B-00C04F79EFBC}") = "FirstProject", "FirstProject\FirstProject.csproj", "{DC727158-AF87-4589-86D7-9BACDB4254F0}"
EndProject
Global
	GlobalSection(SolutionConfigurationPlatforms) = preSolution
		Debug|Any CPU = Debug|Any CPU
		Release|Any CPU = Release|Any CPU
	EndGlobalSection
	GlobalSection(ProjectConfigurationPlatforms) = postSolution
		{DC727158-AF87-4589-86D7-9BACDB4254F0}.Debug|Any CPU.ActiveCfg = Debug|Any CPU
		{DC727158-AF87-4589-86D7-9BACDB4254F0}.Debug|Any CPU.Build.0 = Debug|Any CPU
		{DC727158-AF87-4589-86D7-9BACDB4254F0}.Release|Any CPU.ActiveCfg = Release|Any CPU
		{DC727158-AF87-4589-86D7-9BACDB4254F0}.Release|Any CPU.Build.0 = Release|Any CPU
	EndGlobalSection
	GlobalSection(SolutionProperties) = preSolution
		HideSolutionNode = FALSE
	EndGlobalSection
	GlobalSection(ExtensibilityGlobals) = postSolution
		SolutionGuid = {7C18F124-EF65-4E6E-92A5-BF4499054F5F}
	EndGlobalSection
EndGlobal
